
Microsoft Visual Studio Solution File, Format Version 12.00
# Visual Studio Version 16
VisualStudioVersion = 16.0.30503.244
MinimumVisualStudioVersion = 10.0.40219.1
Project("{FAE04EC0-301F-11D3-BF4B-00C04F79EFBC}") = "assignment2", "assignment2.csproj", "{3DBBFF49-830A-4598-A9D9-1181FB45E1C2}"
EndProject
Global
	GlobalSection(SolutionConfigurationPlatforms) = preSolution
		Debug|Any CPU = Debug|Any CPU
		Release|Any CPU = Release|Any CPU
	EndGlobalSection
	GlobalSection(ProjectConfigurationPlatforms) = postSolution
		{3DBBFF49-830A-4598-A9D9-1181FB45E1C2}.Debug|Any CPU.ActiveCfg = Debug|Any CPU
		{3DBBFF49-830A-4598-A9D9-1181FB45E1C2}.Debug|Any CPU.Build.0 = Debug|Any CPU
		{3DBBFF49-830A-4598-A9D9-1181FB45E1C2}.Release|Any CPU.ActiveCfg = Release|Any CPU
		{3DBBFF49-830A-4598-A9D9-1181FB45E1C2}.Release|Any CPU.Build.0 = Release|Any CPU
	EndGlobalSection
	GlobalSection(SolutionProperties) = preSolution
		HideSolutionNode = FALSE
	EndGlobalSection
	GlobalSection(ExtensibilityGlobals) = postSolution
		SolutionGuid = {6DF39243-CC0C-4F06-BE33-9F642C344F93}
	EndGlobalSection
EndGlobal
